lockfileVersion: '9.0'

settings:
  autoInstallPeers: true
  excludeLinksFromLockfile: false

importers:

  .:
    dependencies:
      commander:
        specifier: ^14.0.2
        version: 14.0.2
      openai:
        specifier: ^6.9.1
        version: 6.9.1(ws@8.18.3)(zod@3.25.76)
      termcolors:
        specifier: github:egonSchiele/termcolors
        version: https://codeload.github.com/egonSchiele/termcolors/tar.gz/d5c1f497618398ce1440d2383d2aad2642e4051f
    devDependencies:
      '@types/node':
        specifier: ^24.10.1
        version: 24.10.1

packages:

  '@types/node@24.10.1':
    resolution: {integrity: sha512-GNWcUTRBgIRJD5zj+Tq0fKOJ5XZajIiBroOF0yvj2bSU1WvNdYS/dn9UxwsujGW4JX06dnHyjV2y9rRaybH0iQ==}

  commander@14.0.2:
    resolution: {integrity: sha512-TywoWNNRbhoD0BXs1P3ZEScW8W5iKrnbithIl0YH+uCmBd0QpPOA8yc82DS3BIE5Ma6FnBVUsJ7wVUDz4dvOWQ==}
    engines: {node: '>=20'}

  openai@6.9.1:
    resolution: {integrity: sha512-vQ5Rlt0ZgB3/BNmTa7bIijYFhz3YBceAA3Z4JuoMSBftBF9YqFHIEhZakSs+O/Ad7EaoEimZvHxD5ylRjN11Lg==}
    hasBin: true
    peerDependencies:
      ws: ^8.18.0
      zod: ^3.25 || ^4.0
    peerDependenciesMeta:
      ws:
        optional: true
      zod:
        optional: true

  termcolors@https://codeload.github.com/egonSchiele/termcolors/tar.gz/d5c1f497618398ce1440d2383d2aad2642e4051f:
    resolution: {tarball: https://codeload.github.com/egonSchiele/termcolors/tar.gz/d5c1f497618398ce1440d2383d2aad2642e4051f}
    version: 0.0.20

  undici-types@7.16.0:
    resolution: {integrity: sha512-Zz+aZWSj8LE6zoxD+xrjh4VfkIG8Ya6LvYkZqtUQGJPZjYl53ypCaUwWqo7eI0x66KBGeRo+mlBEkMSeSZ38Nw==}

  ws@8.18.3:
    resolution: {integrity: sha512-PEIGCY5tSlUt50cqyMXfCzX+oOPqN0vuGqWzbcJ2xvnkzkq46oOpz7dQaTDBdfICb4N14+GARUDw2XV2N4tvzg==}
    engines: {node: '>=10.0.0'}
    peerDependencies:
      bufferutil: ^4.0.1
      utf-8-validate: '>=5.0.2'
    peerDependenciesMeta:
      bufferutil:
        optional: true
      utf-8-validate:
        optional: true

  zod@3.25.76:
    resolution: {integrity: sha512-gzUt/qt81nXsFGKIFcC3YnfEAx5NkunCfnDlvuBSSFS02bcXu4Lmea0AFIUwbLWxWPx3d9p8S5QoaujKcNQxcQ==}

snapshots:

  '@types/node@24.10.1':
    dependencies:
      undici-types: 7.16.0

  commander@14.0.2: {}

  openai@6.9.1(ws@8.18.3)(zod@3.25.76):
    optionalDependencies:
      ws: 8.18.3
      zod: 3.25.76

  termcolors@https://codeload.github.com/egonSchiele/termcolors/tar.gz/d5c1f497618398ce1440d2383d2aad2642e4051f: {}

  undici-types@7.16.0: {}

  ws@8.18.3:
    optional: true

  zod@3.25.76:
    optional: true
